
Microsoft Visual Studio Solution File, Format Version 12.00
Project("{FAE04EC0-301F-11D3-BF4B-00C04F79EFBC}") = "TabL", "TabL\TabL.csproj", "{F6663971-EEFF-455E-A3D3-E4AFAE649D22}"
EndProject
Global
	GlobalSection(SolutionConfigurationPlatforms) = preSolution
		Debug|Any CPU = Debug|Any CPU
		Release|Any CPU = Release|Any CPU
	EndGlobalSection
	GlobalSection(ProjectConfigurationPlatforms) = postSolution
		{F6663971-EEFF-455E-A3D3-E4AFAE649D22}.Debug|Any CPU.ActiveCfg = Debug|Any CPU
		{F6663971-EEFF-455E-A3D3-E4AFAE649D22}.Debug|Any CPU.Build.0 = Debug|Any CPU
		{F6663971-EEFF-455E-A3D3-E4AFAE649D22}.Release|Any CPU.ActiveCfg = Release|Any CPU
		{F6663971-EEFF-455E-A3D3-E4AFAE649D22}.Release|Any CPU.Build.0 = Release|Any CPU
	EndGlobalSection
EndGlobal
